
Microsoft Visual Studio Solution File, Format Version 12.00
# Visual Studio Version 16
VisualStudioVersion = 16.0.30804.86
MinimumVisualStudioVersion = 10.0.40219.1
Project("{FAE04EC0-301F-11D3-BF4B-00C04F79EFBC}") = "UrbanPlanner", "UrbanPlanner\UrbanPlanner.csproj", "{259FA5E7-1A37-403C-8403-0DA93C3705A2}"
EndProject
Global
	GlobalSection(SolutionConfigurationPlatforms) = preSolution
		Debug|Any CPU = Debug|Any CPU
		Release|Any CPU = Release|Any CPU
	EndGlobalSection
	GlobalSection(ProjectConfigurationPlatforms) = postSolution
		{259FA5E7-1A37-403C-8403-0DA93C3705A2}.Debug|Any CPU.ActiveCfg = Debug|Any CPU
		{259FA5E7-1A37-403C-8403-0DA93C3705A2}.Debug|Any CPU.Build.0 = Debug|Any CPU
		{259FA5E7-1A37-403C-8403-0DA93C3705A2}.Release|Any CPU.ActiveCfg = Release|Any CPU
		{259FA5E7-1A37-403C-8403-0DA93C3705A2}.Release|Any CPU.Build.0 = Release|Any CPU
	EndGlobalSection
	GlobalSection(SolutionProperties) = preSolution
		HideSolutionNode = FALSE
	EndGlobalSection
	GlobalSection(ExtensibilityGlobals) = postSolution
		SolutionGuid = {CDF60F6E-4D89-434F-A972-1E46DF78AC58}
	EndGlobalSection
EndGlobal
